
Microsoft Visual Studio Solution File, Format Version 12.00
# Visual Studio 15
Project("{FAE04EC0-301F-11D3-BF4B-00C04F79EFBC}") = "MatrixExperiment1", "MatrixExperiment1\MatrixExperiment1.csproj", "{850C39EA-91FB-4788-A9AB-5509BBDA3C24}"
EndProject
Global
	GlobalSection(SolutionConfigurationPlatforms) = preSolution
		Debug|anycpu = Debug|anycpu
		Release|anycpu = Release|anycpu
	EndGlobalSection
	GlobalSection(ProjectConfigurationPlatforms) = postSolution
		{850C39EA-91FB-4788-A9AB-5509BBDA3C24}.Debug|anycpu.ActiveCfg = Debug|anycpu
		{850C39EA-91FB-4788-A9AB-5509BBDA3C24}.Debug|anycpu.Build.0 = Debug|anycpu
		{850C39EA-91FB-4788-A9AB-5509BBDA3C24}.Release|anycpu.ActiveCfg = Release|anycpu
		{850C39EA-91FB-4788-A9AB-5509BBDA3C24}.Release|anycpu.Build.0 = Release|anycpu
	EndGlobalSection
EndGlobal
