
Microsoft Visual Studio Solution File, Format Version 12.00
# Visual Studio 15
Project("{FAE04EC0-301F-11D3-BF4B-00C04F79EFBC}") = "EmpMat1", "EmpMat1.csproj", "{0391B746-1E0F-482B-8851-2ECE69C5CE52}"
EndProject
Global
	GlobalSection(SolutionConfigurationPlatforms) = preSolution
		Debug|anycpu = Debug|anycpu
		Release|anycpu = Release|anycpu
	EndGlobalSection
	GlobalSection(ProjectConfigurationPlatforms) = postSolution
		{0391B746-1E0F-482B-8851-2ECE69C5CE52}.Debug|anycpu.ActiveCfg = Debug|anycpu
		{0391B746-1E0F-482B-8851-2ECE69C5CE52}.Debug|anycpu.Build.0 = Debug|anycpu
		{0391B746-1E0F-482B-8851-2ECE69C5CE52}.Release|anycpu.ActiveCfg = Release|anycpu
		{0391B746-1E0F-482B-8851-2ECE69C5CE52}.Release|anycpu.Build.0 = Release|anycpu
	EndGlobalSection
EndGlobal
