
Microsoft Visual Studio Solution File, Format Version 12.00
# Visual Studio 15
Project("{FAE04EC0-301F-11D3-BF4B-00C04F79EFBC}") = "Exp2VER2", "Exp2VER2\Exp2VER2.csproj", "{49169875-A946-415B-BECE-C25534A054AF}"
EndProject
Global
	GlobalSection(SolutionConfigurationPlatforms) = preSolution
		Debug|anycpu = Debug|anycpu
		Release|anycpu = Release|anycpu
	EndGlobalSection
	GlobalSection(ProjectConfigurationPlatforms) = postSolution
		{49169875-A946-415B-BECE-C25534A054AF}.Debug|anycpu.ActiveCfg = Debug|anycpu
		{49169875-A946-415B-BECE-C25534A054AF}.Debug|anycpu.Build.0 = Debug|anycpu
		{49169875-A946-415B-BECE-C25534A054AF}.Release|anycpu.ActiveCfg = Release|anycpu
		{49169875-A946-415B-BECE-C25534A054AF}.Release|anycpu.Build.0 = Release|anycpu
	EndGlobalSection
EndGlobal
