
Microsoft Visual Studio Solution File, Format Version 12.00
# Visual Studio 15
Project("{FAE04EC0-301F-11D3-BF4B-00C04F79EFBC}") = "InputExp1", "InputExp1\InputExp1.csproj", "{BCF077CD-F071-4797-BB8E-16948CDE64AD}"
EndProject
Global
	GlobalSection(SolutionConfigurationPlatforms) = preSolution
		Debug|anycpu = Debug|anycpu
		Release|anycpu = Release|anycpu
	EndGlobalSection
	GlobalSection(ProjectConfigurationPlatforms) = postSolution
		{BCF077CD-F071-4797-BB8E-16948CDE64AD}.Debug|anycpu.ActiveCfg = Debug|anycpu
		{BCF077CD-F071-4797-BB8E-16948CDE64AD}.Debug|anycpu.Build.0 = Debug|anycpu
		{BCF077CD-F071-4797-BB8E-16948CDE64AD}.Release|anycpu.ActiveCfg = Release|anycpu
		{BCF077CD-F071-4797-BB8E-16948CDE64AD}.Release|anycpu.Build.0 = Release|anycpu
	EndGlobalSection
EndGlobal
