
Microsoft Visual Studio Solution File, Format Version 12.00
# Visual Studio 15
Project("{FAE04EC0-301F-11D3-BF4B-00C04F79EFBC}") = "MysteryBook", "MysteryBook\MysteryBook.csproj", "{364F5F23-F06F-4EC0-9FA2-3423D5BFAB12}"
EndProject
Global
	GlobalSection(SolutionConfigurationPlatforms) = preSolution
		Debug|anycpu = Debug|anycpu
		Release|anycpu = Release|anycpu
	EndGlobalSection
	GlobalSection(ProjectConfigurationPlatforms) = postSolution
		{364F5F23-F06F-4EC0-9FA2-3423D5BFAB12}.Debug|anycpu.ActiveCfg = Debug|anycpu
		{364F5F23-F06F-4EC0-9FA2-3423D5BFAB12}.Debug|anycpu.Build.0 = Debug|anycpu
		{364F5F23-F06F-4EC0-9FA2-3423D5BFAB12}.Release|anycpu.ActiveCfg = Release|anycpu
		{364F5F23-F06F-4EC0-9FA2-3423D5BFAB12}.Release|anycpu.Build.0 = Release|anycpu
	EndGlobalSection
EndGlobal
